
Microsoft Visual Studio Solution File, Format Version 12.00
# Visual Studio Version 16
VisualStudioVersion = 16.0.30011.22
MinimumVisualStudioVersion = 10.0.40219.1
Project("{159641D6-6404-4A2A-AE62-294DE0FE8301}") = "QL_SSIS", "QL_SSIS.dtproj", "{54A4655D-FE29-43C6-B636-F890D9266BE3}"
EndProject
Global
	GlobalSection(SolutionConfigurationPlatforms) = preSolution
		Development|Default = Development|Default
	EndGlobalSection
	GlobalSection(ProjectConfigurationPlatforms) = postSolution
		{54A4655D-FE29-43C6-B636-F890D9266BE3}.Development|Default.ActiveCfg = Development
		{54A4655D-FE29-43C6-B636-F890D9266BE3}.Development|Default.Build.0 = Development
	EndGlobalSection
	GlobalSection(SolutionProperties) = preSolution
		HideSolutionNode = FALSE
	EndGlobalSection
	GlobalSection(ExtensibilityGlobals) = postSolution
		SolutionGuid = {35FE649D-F17F-4DA4-BDB8-53C08263AF73}
	EndGlobalSection
EndGlobal
